
Microsoft Visual Studio Solution File, Format Version 12.00
# Visual Studio Version 17
VisualStudioVersion = 17.7.34003.232
MinimumVisualStudioVersion = 10.0.40219.1
Project("{FAE04EC0-301F-11D3-BF4B-00C04F79EFBC}") = "N_ShoppingNet6", "N_ShoppingNet6\N_ShoppingNet6.csproj", "{39751CA5-BDFC-492B-86E0-B7916E5FBD78}"
EndProject
Global
	GlobalSection(SolutionConfigurationPlatforms) = preSolution
		Debug|Any CPU = Debug|Any CPU
		Release|Any CPU = Release|Any CPU
	EndGlobalSection
	GlobalSection(ProjectConfigurationPlatforms) = postSolution
		{39751CA5-BDFC-492B-86E0-B7916E5FBD78}.Debug|Any CPU.ActiveCfg = Debug|Any CPU
		{39751CA5-BDFC-492B-86E0-B7916E5FBD78}.Debug|Any CPU.Build.0 = Debug|Any CPU
		{39751CA5-BDFC-492B-86E0-B7916E5FBD78}.Release|Any CPU.ActiveCfg = Release|Any CPU
		{39751CA5-BDFC-492B-86E0-B7916E5FBD78}.Release|Any CPU.Build.0 = Release|Any CPU
	EndGlobalSection
	GlobalSection(SolutionProperties) = preSolution
		HideSolutionNode = FALSE
	EndGlobalSection
	GlobalSection(ExtensibilityGlobals) = postSolution
		SolutionGuid = {3BB15C9F-CF55-4043-89F0-3F32C9D6457B}
	EndGlobalSection
EndGlobal
